
Microsoft Visual Studio Solution File, Format Version 12.00
# Visual Studio 15
VisualStudioVersion = 15.0.28307.271
MinimumVisualStudioVersion = 10.0.40219.1
Project("{8BC9CEB8-8B4A-11D0-8D11-00A0C91BC942}") = "See++", "See++.vcxproj", "{3A87FB56-F382-450A-937C-4A4AAD20C2D0}"
EndProject
Global
	GlobalSection(SolutionConfigurationPlatforms) = preSolution
		Debug|x64 = Debug|x64
		Debug|x86 = Debug|x86
		Release|x64 = Release|x64
		Release|x86 = Release|x86
	EndGlobalSection
	GlobalSection(ProjectConfigurationPlatforms) = postSolution
		{3A87FB56-F382-450A-937C-4A4AAD20C2D0}.Debug|x64.ActiveCfg = Debug|x64
		{3A87FB56-F382-450A-937C-4A4AAD20C2D0}.Debug|x64.Build.0 = Debug|x64
		{3A87FB56-F382-450A-937C-4A4AAD20C2D0}.Debug|x86.ActiveCfg = Debug|Win32
		{3A87FB56-F382-450A-937C-4A4AAD20C2D0}.Debug|x86.Build.0 = Debug|Win32
		{3A87FB56-F382-450A-937C-4A4AAD20C2D0}.Release|x64.ActiveCfg = Release|x64
		{3A87FB56-F382-450A-937C-4A4AAD20C2D0}.Release|x64.Build.0 = Release|x64
		{3A87FB56-F382-450A-937C-4A4AAD20C2D0}.Release|x86.ActiveCfg = Release|Win32
		{3A87FB56-F382-450A-937C-4A4AAD20C2D0}.Release|x86.Build.0 = Release|Win32
	EndGlobalSection
	GlobalSection(SolutionProperties) = preSolution
		HideSolutionNode = FALSE
	EndGlobalSection
	GlobalSection(ExtensibilityGlobals) = postSolution
		SolutionGuid = {98170BE3-6083-4DC9-943F-0F439B74C7F1}
	EndGlobalSection
EndGlobal
